
Microsoft Visual Studio Solution File, Format Version 12.00
# Visual Studio Version 17
VisualStudioVersion = 17.2.32616.157
MinimumVisualStudioVersion = 10.0.40219.1
Project("{9A19103F-16F7-4668-BE54-9A1E7A4F7556}") = "Subfloor.Templates.Blazor.Server", "Server\Subfloor.Templates.Blazor.Server.csproj", "{058D7BA3-EA92-42BF-8D65-891407DB46EB}"
EndProject
Project("{9A19103F-16F7-4668-BE54-9A1E7A4F7556}") = "Subfloor.Templates.Blazor.Client", "Client\Subfloor.Templates.Blazor.Client.csproj", "{EA513430-2CD4-4955-9570-D34B50D8D248}"
EndProject
Project("{9A19103F-16F7-4668-BE54-9A1E7A4F7556}") = "Subfloor.Templates.Blazor.Shared", "Shared\Subfloor.Templates.Blazor.Shared.csproj", "{E83D6C6C-BBD1-4FB9-BE55-927391D4F6C9}"
EndProject
Project("{2150E333-8FDC-42A3-9474-1A3956D46DE8}") = "SolutionItems", "SolutionItems", "{FF73CD65-9AB8-417D-BF53-79369C94DD98}"
	ProjectSection(SolutionItems) = preProject
		..\nuget.config = ..\nuget.config
	EndProjectSection
EndProject
Global
	GlobalSection(SolutionConfigurationPlatforms) = preSolution
		Debug|Any CPU = Debug|Any CPU
		Release|Any CPU = Release|Any CPU
	EndGlobalSection
	GlobalSection(ProjectConfigurationPlatforms) = postSolution
		{058D7BA3-EA92-42BF-8D65-891407DB46EB}.Debug|Any CPU.ActiveCfg = Debug|Any CPU
		{058D7BA3-EA92-42BF-8D65-891407DB46EB}.Debug|Any CPU.Build.0 = Debug|Any CPU
		{058D7BA3-EA92-42BF-8D65-891407DB46EB}.Release|Any CPU.ActiveCfg = Release|Any CPU
		{058D7BA3-EA92-42BF-8D65-891407DB46EB}.Release|Any CPU.Build.0 = Release|Any CPU
		{EA513430-2CD4-4955-9570-D34B50D8D248}.Debug|Any CPU.ActiveCfg = Debug|Any CPU
		{EA513430-2CD4-4955-9570-D34B50D8D248}.Debug|Any CPU.Build.0 = Debug|Any CPU
		{EA513430-2CD4-4955-9570-D34B50D8D248}.Release|Any CPU.ActiveCfg = Release|Any CPU
		{EA513430-2CD4-4955-9570-D34B50D8D248}.Release|Any CPU.Build.0 = Release|Any CPU
		{E83D6C6C-BBD1-4FB9-BE55-927391D4F6C9}.Debug|Any CPU.ActiveCfg = Debug|Any CPU
		{E83D6C6C-BBD1-4FB9-BE55-927391D4F6C9}.Debug|Any CPU.Build.0 = Debug|Any CPU
		{E83D6C6C-BBD1-4FB9-BE55-927391D4F6C9}.Release|Any CPU.ActiveCfg = Release|Any CPU
		{E83D6C6C-BBD1-4FB9-BE55-927391D4F6C9}.Release|Any CPU.Build.0 = Release|Any CPU
	EndGlobalSection
	GlobalSection(SolutionProperties) = preSolution
		HideSolutionNode = FALSE
	EndGlobalSection
	GlobalSection(ExtensibilityGlobals) = postSolution
		SolutionGuid = {0DC01A58-06C5-47B5-A8BD-4E7E15AC1896}
	EndGlobalSection
EndGlobal
